// !$*UTF8*$!
{
	archiveVersion = 1;
	classes = {
	};
	objectVersion = 46;
	objects = {

/* Begin PBXBuildFile section */
		292315C11E2F43DB00CA38EB /* AppDelegate.swift in Sources */ = {isa = PBXBuildFile; fileRef = 292315C01E2F43DB00CA38EB /* AppDelegate.swift */; };
		292315C31E2F43DB00CA38EB /* ViewController.swift in Sources */ = {isa = PBXBuildFile; fileRef = 292315C21E2F43DB00CA38EB /* ViewController.swift */; };
		292315C61E2F43DB00CA38EB /* Main.storyboard in Resources */ = {isa = PBXBuildFile; fileRef = 292315C41E2F43DB00CA38EB /* Main.storyboard */; };
		292315C81E2F43DB00CA38EB /* Assets.xcassets in Resources */ = {isa = PBXBuildFile; fileRef = 292315C71E2F43DB00CA38EB /* Assets.xcassets */; };
		292315CB1E2F43DB00CA38EB /* LaunchScreen.storyboard in Resources */ = {isa = PBXBuildFile; fileRef = 292315C91E2F43DB00CA38EB /* LaunchScreen.storyboard */; };
/* End PBXBuildFile section */

/* Begin PBXFileReference section */
		292315BD1E2F43DB00CA38EB /* Searching.app */ = {isa = PBXFileReference; explicitFileType = wrapper.application; includeInIndex = 0; path = Searching.app; sourceTree = BUILT_PRODUCTS_DIR; };
		292315C01E2F43DB00CA38EB /* AppDelegate.swift */ = {isa = PBXFileReference; lastKnownFileType = sourcecode.swift; path = AppDelegate.swift; sourceTree = "<group>"; };
		292315C21E2F43DB00CA38EB /* ViewController.swift */ = {isa = PBXFileReference; lastKnownFileType = sourcecode.swift; path = ViewController.swift; sourceTree = "<group>"; };
		292315C51E2F43DB00CA38EB /* Base */ = {isa = PBXFileReference; lastKnownFileType = file.storyboard; name = Base; path = Base.lproj/Main.storyboard; sourceTree = "<group>"; };
		292315C71E2F43DB00CA38EB /* Assets.xcassets */ = {isa = PBXFileReference; lastKnownFileType = folder.assetcatalog; path = Assets.xcassets; sourceTree = "<group>"; };
		292315CA1E2F43DB00CA38EB /* Base */ = {isa = PBXFileReference; lastKnownFileType = file.storyboard; name = Base; path = Base.lproj/LaunchScreen.storyboard; sourceTree = "<group>"; };
		292315CC1E2F43DB00CA38EB /* Info.plist */ = {isa = PBXFileReference; lastKnownFileType = text.plist.xml; path = Info.plist; sourceTree = "<group>"; };
/* End PBXFileReference section */

/* Begin PBXFrameworksBuildPhase section */
		292315BA1E2F43DA00CA38EB /* Frameworks */ = {
			isa = PBXFrameworksBuildPhase;
			buildActionMask = 2147483647;
			files = (
			);
			runOnlyForDeploymentPostprocessing = 0;
		};
/* End PBXFrameworksBuildPhase section */

/* Begin PBXGroup section */
		292315B41E2F43DA00CA38EB = {
			isa = PBXGroup;
			children = (
				292315BF1E2F43DB00CA38EB /* Searching */,
				292315BE1E2F43DB00CA38EB /* Products */,
			);
			sourceTree = "<group>";
		};
		292315BE1E2F43DB00CA38EB /* Products */ = {
			isa = PBXGroup;
			children = (
				292315BD1E2F43DB00CA38EB /* Searching.app */,
			);
			name = Products;
			sourceTree = "<group>";
		};
		292315BF1E2F43DB00CA38EB /* Searching */ = {
			isa = PBXGroup;
			children = (
				292315C01E2F43DB00CA38EB /* AppDelegate.swift */,
				292315C21E2F43DB00CA38EB /* ViewController.swift */,
				292315C41E2F43DB00CA38EB /* Main.storyboard */,
				292315C71E2F43DB00CA38EB /* Assets.xcassets */,
				292315C91E2F43DB00CA38EB /* LaunchScreen.storyboard */,
				292315CC1E2F43DB00CA38EB /* Info.plist */,
			);
			path = Searching;
			sourceTree = "<group>";
		};
/* End PBXGroup section */

/* Begin PBXNativeTarget section */
		292315BC1E2F43DA00CA38EB /* Searching */ = {
			isa = PBXNativeTarget;
			buildConfigurationList = 292315CF1E2F43DB00CA38EB /* Build configuration list for PBXNativeTarget "Searching" */;
			buildPhases = (
				292315B91E2F43DA00CA38EB /* Sources */,
				292315BA1E2F43DA00CA38EB /* Frameworks */,
				292315BB1E2F43DA00CA38EB /* Resources */,
			);
			buildRules = (
			);
			dependencies = (
			);
			name = Searching;
			productName = Searching;
			productReference = 292315BD1E2F43DB00CA38EB /* Searching.app */;
			productType = "com.apple.product-type.application";
		};
/* End PBXNativeTarget section */

/* Begin PBXProject section */
		292315B51E2F43DA00CA38EB /* Project object */ = {
			isa = PBXProject;
			attributes = {
				LastSwiftUpdateCheck = 0820;
				LastUpgradeCheck = 0820;
				ORGANIZATIONNAME = Codecture;
				TargetAttributes = {
					292315BC1E2F43DA00CA38EB = {
						CreatedOnToolsVersion = 8.2.1;
						DevelopmentTeam = R2HK8875FX;
						ProvisioningStyle = Automatic;
					};
				};
			};
			buildConfigurationList = 292315B81E2F43DA00CA38EB /* Build configuration list for PBXProject "Searching" */;
			compatibilityVersion = "Xcode 3.2";
			developmentRegion = English;
			hasScannedForEncodings = 0;
			knownRegions = (
				en,
				Base,
			);
			mainGroup = 292315B41E2F43DA00CA38EB;
			productRefGroup = 292315BE1E2F43DB00CA38EB /* Products */;
			projectDirPath = "";
			projectRoot = "";
			targets = (
				292315BC1E2F43DA00CA38EB /* Searching */,
			);
		};
/* End PBXProject section */

/* Begin PBXResourcesBuildPhase section */
		292315BB1E2F43DA00CA38EB /* Resources */ = {
			isa = PBXResourcesBuildPhase;
			buildActionMask = 2147483647;
			files = (
				292315CB1E2F43DB00CA38EB /* LaunchScreen.storyboard in Resources */,
				292315C81E2F43DB00CA38EB /* Assets.xcassets in Resources */,
				292315C61E2F43DB00CA38EB /* Main.storyboard in Resources */,
			);
			runOnlyForDeploymentPostprocessing = 0;
		};
/* End PBXResourcesBuildPhase section */

/* Begin PBXSourcesBuildPhase section */
		292315B91E2F43DA00CA38EB /* Sources */ = {
			isa = PBXSourcesBuildPhase;
			buildActionMask = 2147483647;
			files = (
				292315C31E2F43DB00CA38EB /* ViewController.swift in Sources */,
				292315C11E2F43DB00CA38EB /* AppDelegate.swift in Sources */,
			);
			runOnlyForDeploymentPostprocessing = 0;
		};
/* End PBXSourcesBuildPhase section */

/* Begin PBXVariantGroup section */
		292315C41E2F43DB00CA38EB /* Main.storyboard */ = {
			isa = PBXVariantGroup;
			children = (
				292315C51E2F43DB00CA38EB /* Base */,
			);
			name = Main.storyboard;
			sourceTree = "<group>";
		};
		292315C91E2F43DB00CA38EB /* LaunchScreen.storyboard */ = {
			isa = PBXVariantGroup;
			children = (
				292315CA1E2F43DB00CA38EB /* Base */,
			);
			name = LaunchScreen.storyboard;
			sourceTree = "<group>";
		};
/* End PBXVariantGroup section */

/* Begin XCBuildConfiguration section */
		292315CD1E2F43DB00CA38EB /* Debug */ = {
			isa = XCBuildConfiguration;
			buildSettings = {
				ALWAYS_SEARCH_USER_PATHS = NO;
				CLANG_ANALYZER_NONNULL = YES;
				CLANG_CXX_LANGUAGE_STANDARD = "gnu++0x";
				CLANG_CXX_LIBRARY = "libc++";
				CLANG_ENABLE_MODULES = YES;
				CLANG_ENABLE_OBJC_ARC = YES;
				CLANG_WARN_BOOL_CONVERSION = YES;
				CLANG_WARN_CONSTANT_CONVERSION = YES;
				CLANG_WARN_DIRECT_OBJC_ISA_USAGE = YES_ERROR;
				CLANG_WARN_DOCUMENTATION_COMMENTS = YES;
				CLANG_WARN_EMPTY_BODY = YES;
				CLANG_WARN_ENUM_CONVERSION = YES;
				CLANG_WARN_INFINITE_RECURSION = YES;
				CLANG_WARN_INT_CONVERSION = YES;
				CLANG_WARN_OBJC_ROOT_CLASS = YES_ERROR;
				CLANG_WARN_SUSPICIOUS_MOVE = YES;
				CLANG_WARN_UNREACHABLE_CODE = YES;
				CLANG_WARN__DUPLICATE_METHOD_MATCH = YES;
				"CODE_SIGN_IDENTITY[sdk=iphoneos*]" = "iPhone Developer";
				COPY_PHASE_STRIP = NO;
				DEBUG_INFORMATION_FORMAT = dwarf;
				ENABLE_STRICT_OBJC_MSGSEND = YES;
				ENABLE_TESTABILITY = YES;
				GCC_C_LANGUAGE_STANDARD = gnu99;
				GCC_DYNAMIC_NO_PIC = NO;
				GCC_NO_COMMON_BLOCKS = YES;
				GCC_OPTIMIZATION_LEVEL = 0;
				GCC_PREPROCESSOR_DEFINITIONS = (
					"DEBUG=1",
					"$(inherited)",
				);
				GCC_WARN_64_TO_32_BIT_CONVERSION = YES;
				GCC_WARN_ABOUT_RETURN_TYPE = YES_ERROR;
				GCC_WARN_UNDECLARED_SELECTOR = YES;
				GCC_WARN_UNINITIALIZED_AUTOS = YES_AGGRESSIVE;
				GCC_WARN_UNUSED_FUNCTION = YES;
				GCC_WARN_UNUSED_VARIABLE = YES;
				IPHONEOS_DEPLOYMENT_TARGET = 10.2;
				MTL_ENABLE_DEBUG_INFO = YES;
				ONLY_ACTIVE_ARCH = YES;
				SDKROOT = iphoneos;
				SWIFT_ACTIVE_COMPILATION_CONDITIONS = DEBUG;
				SWIFT_OPTIMIZATION_LEVEL = "-Onone";
				TARGETED_DEVICE_FAMILY = "1,2";
			};
			name = Debug;
		};
		292315CE1E2F43DB00CA38EB /* Release */ = {
			isa = XCBuildConfiguration;
			buildSettings = {
				ALWAYS_SEARCH_USER_PATHS = NO;
				CLANG_ANALYZER_NONNULL = YES;
				CLANG_CXX_LANGUAGE_STANDARD = "gnu++0x";
				CLANG_CXX_LIBRARY = "libc++";
				CLANG_ENABLE_MODULES = YES;
				CLANG_ENABLE_OBJC_ARC = YES;
				CLANG_WARN_BOOL_CONVERSION = YES;
				CLANG_WARN_CONSTANT_CONVERSION = YES;
				CLANG_WARN_DIRECT_OBJC_ISA_USAGE = YES_ERROR;
				CLANG_WARN_DOCUMENTATION_COMMENTS = YES;
				CLANG_WARN_EMPTY_BODY = YES;
				CLANG_WARN_ENUM_CONVERSION = YES;
				CLANG_WARN_INFINITE_RECURSION = YES;
				CLANG_WARN_INT_CONVERSION = YES;
				CLANG_WARN_OBJC_ROOT_CLASS = YES_ERROR;
				CLANG_WARN_SUSPICIOUS_MOVE = YES;
				CLANG_WARN_UNREACHABLE_CODE = YES;
				CLANG_WARN__DUPLICATE_METHOD_MATCH = YES;
				"CODE_SIGN_IDENTITY[sdk=iphoneos*]" = "iPhone Developer";
				COPY_PHASE_STRIP = NO;
				DEBUG_INFORMATION_FORMAT = "dwarf-with-dsym";
				ENABLE_NS_ASSERTIONS = NO;
				ENABLE_STRICT_OBJC_MSGSEND = YES;
				GCC_C_LANGUAGE_STANDARD = gnu99;
				GCC_NO_COMMON_BLOCKS = YES;
				GCC_WARN_64_TO_32_BIT_CONVERSION = YES;
				GCC_WARN_ABOUT_RETURN_TYPE = YES_ERROR;
				GCC_WARN_UNDECLARED_SELECTOR = YES;
				GCC_WARN_UNINITIALIZED_AUTOS = YES_AGGRESSIVE;
				GCC_WARN_UNUSED_FUNCTION = YES;
				GCC_WARN_UNUSED_VARIABLE = YES;
				IPHONEOS_DEPLOYMENT_TARGET = 10.2;
				MTL_ENABLE_DEBUG_INFO = NO;
				SDKROOT = iphoneos;
				SWIFT_OPTIMIZATION_LEVEL = "-Owholemodule";
				TARGETED_DEVICE_FAMILY = "1,2";
				VALIDATE_PRODUCT = YES;
			};
			name = Release;
		};
		292315D01E2F43DB00CA38EB /* Debug */ = {
			isa = XCBuildConfiguration;
			buildSettings = {
				ASSETCATALOG_COMPILER_APPICON_NAME = AppIcon;
				DEVELOPMENT_TEAM = R2HK8875FX;
				INFOPLIST_FILE = Searching/Info.plist;
				LD_RUNPATH_SEARCH_PATHS = "$(inherited) @executable_path/Frameworks";
				PRODUCT_BUNDLE_IDENTIFIER = com.codecture.Searching;
				PRODUCT_NAME = "$(TARGET_NAME)";
				SWIFT_VERSION = 3.0;
			};
			name = Debug;
		};
		292315D11E2F43DB00CA38EB /* Release */ = {
			isa = XCBuildConfiguration;
			buildSettings = {
				ASSETCATALOG_COMPILER_APPICON_NAME = AppIcon;
				DEVELOPMENT_TEAM = R2HK8875FX;
				INFOPLIST_FILE = Searching/Info.plist;
				LD_RUNPATH_SEARCH_PATHS = "$(inherited) @executable_path/Frameworks";
				PRODUCT_BUNDLE_IDENTIFIER = com.codecture.Searching;
				PRODUCT_NAME = "$(TARGET_NAME)";
				SWIFT_VERSION = 3.0;
			};
			name = Release;
		};
/* End XCBuildConfiguration section */

/* Begin XCConfigurationList section */
		292315B81E2F43DA00CA38EB /* Build configuration list for PBXProject "Searching" */ = {
			isa = XCConfigurationList;
			buildConfigurations = (
				292315CD1E2F43DB00CA38EB /* Debug */,
				292315CE1E2F43DB00CA38EB /* Release */,
			);
			defaultConfigurationIsVisible = 0;
			defaultConfigurationName = Release;
		};
		292315CF1E2F43DB00CA38EB /* Build configuration list for PBXNativeTarget "Searching" */ = {
			isa = XCConfigurationList;
			buildConfigurations = (
				292315D01E2F43DB00CA38EB /* Debug */,
				292315D11E2F43DB00CA38EB /* Release */,
			);
			defaultConfigurationIsVisible = 0;
		};
/* End XCConfigurationList section */
	};
	rootObject = 292315B51E2F43DA00CA38EB /* Project object */;
}
